
Microsoft Visual Studio Solution File, Format Version 12.00
# Visual Studio Version 16
VisualStudioVersion = 16.0.29926.136
MinimumVisualStudioVersion = 10.0.40219.1
Project("{FAE04EC0-301F-11D3-BF4B-00C04F79EFBC}") = "deliverable1A", "deliverable1A\deliverable1A.csproj", "{A0540784-8AD3-4EB0-A401-11825ADE27BA}"
EndProject
Global
	GlobalSection(SolutionConfigurationPlatforms) = preSolution
		Debug|Any CPU = Debug|Any CPU
		Release|Any CPU = Release|Any CPU
	EndGlobalSection
	GlobalSection(ProjectConfigurationPlatforms) = postSolution
		{A0540784-8AD3-4EB0-A401-11825ADE27BA}.Debug|Any CPU.ActiveCfg = Debug|Any CPU
		{A0540784-8AD3-4EB0-A401-11825ADE27BA}.Debug|Any CPU.Build.0 = Debug|Any CPU
		{A0540784-8AD3-4EB0-A401-11825ADE27BA}.Release|Any CPU.ActiveCfg = Release|Any CPU
		{A0540784-8AD3-4EB0-A401-11825ADE27BA}.Release|Any CPU.Build.0 = Release|Any CPU
	EndGlobalSection
	GlobalSection(SolutionProperties) = preSolution
		HideSolutionNode = FALSE
	EndGlobalSection
	GlobalSection(ExtensibilityGlobals) = postSolution
		SolutionGuid = {5DBC0969-7FD5-43B8-BC56-136ABE07DDC5}
	EndGlobalSection
EndGlobal
